
Microsoft Visual Studio Solution File, Format Version 12.00
# Visual Studio Version 16
VisualStudioVersion = 16.0.31424.327
MinimumVisualStudioVersion = 10.0.40219.1
Project("{2150E333-8FDC-42A3-9474-1A3956D46DE8}") = "WebApp", "WebApp", "{EAEEB414-59C9-41F7-B99C-18A94D7FC465}"
EndProject
Project("{9A19103F-16F7-4668-BE54-9A1E7A4F7556}") = "Ailos.ApiMobile_old", "src\Ailos.ApiMobile_old\Ailos.ApiMobile_old.csproj", "{6407A86E-E970-4BA7-A89F-C3C18FB57E1A}"
EndProject
Project("{2150E333-8FDC-42A3-9474-1A3956D46DE8}") = "Services", "Services", "{799A0A84-C71B-4EF9-BE0A-9CC6E727C6A2}"
EndProject
Project("{2150E333-8FDC-42A3-9474-1A3956D46DE8}") = "Pix", "Pix", "{656A71B1-B78D-4A0C-A24C-86D73455D3CF}"
EndProject
Project("{9A19103F-16F7-4668-BE54-9A1E7A4F7556}") = "Ailos.Pix", "src\Ailos.Pix\Ailos.Pix.csproj", "{697E9490-FE60-4346-8CB9-F2F0161EF503}"
EndProject
Project("{2150E333-8FDC-42A3-9474-1A3956D46DE8}") = "Test", "Test", "{DE605629-2D6D-4232-B309-6B29BEB48C6E}"
EndProject
Project("{2150E333-8FDC-42A3-9474-1A3956D46DE8}") = "Http", "Http", "{C484769C-A11D-4AAD-9A5F-0B33532C8B35}"
EndProject
Project("{9A19103F-16F7-4668-BE54-9A1E7A4F7556}") = "Ailos.Http", "src\Ailos.Http\Ailos.Http.csproj", "{47197F34-6F09-4C4F-AE23-0C03F2513D2C}"
EndProject
Project("{2150E333-8FDC-42A3-9474-1A3956D46DE8}") = "Infra", "Infra", "{BF791307-768B-41C0-A260-50CED415638A}"
EndProject
Project("{2150E333-8FDC-42A3-9474-1A3956D46DE8}") = "Repository", "Repository", "{7E0FE253-6096-43C4-9A8A-613917ADAA75}"
EndProject
Project("{2150E333-8FDC-42A3-9474-1A3956D46DE8}") = "Unit", "Unit", "{696AA466-7D21-439B-95FA-2E27193B677A}"
EndProject
Project("{2150E333-8FDC-42A3-9474-1A3956D46DE8}") = "Integration", "Integration", "{2EA00ADD-FBD0-4552-97FC-E133A776773F}"
EndProject
Project("{9A19103F-16F7-4668-BE54-9A1E7A4F7556}") = "Ailos.Pix.Integration.Test", "test\Ailos.Pix.Integration.Test\Ailos.Pix.Integration.Test.csproj", "{38731E07-9799-4FDC-A225-37595382A06D}"
EndProject
Project("{9A19103F-16F7-4668-BE54-9A1E7A4F7556}") = "Ailos.Pix.Unit.Test", "test\Ailos.Pix.Unit.Test\Ailos.Pix.Unit.Test.csproj", "{F9889359-3BF2-437B-AE5B-1969388B21AB}"
EndProject
Project("{9A19103F-16F7-4668-BE54-9A1E7A4F7556}") = "Ailos.Pìx.QrCode", "src\Ailos.Pìx.QrCode\Ailos.Pìx.QrCode.csproj", "{5F73C26E-6E81-4808-86BB-96818E17A1D2}"
EndProject
Project("{9A19103F-16F7-4668-BE54-9A1E7A4F7556}") = "Ailos.Pix.Agendamento", "src\Ailos.Pix.Agendamento\Ailos.Pix.Agendamento.csproj", "{9EAC2317-4510-4C2F-830A-52A497D0771D}"
EndProject
Project("{2150E333-8FDC-42A3-9474-1A3956D46DE8}") = "Poupanca", "Poupanca", "{A323252B-8C8A-43BA-94A0-A63E3F34A88A}"
EndProject
Project("{2150E333-8FDC-42A3-9474-1A3956D46DE8}") = "CDC", "CDC", "{C8FE2B30-7ABC-485B-970C-B973C3DD9E5D}"
EndProject
Project("{9A19103F-16F7-4668-BE54-9A1E7A4F7556}") = "Ailos.IoC", "src\Ailos.IoC\Ailos.IoC.csproj", "{4849A00B-50F4-4074-91C0-17036A6DE6BD}"
EndProject
Project("{9A19103F-16F7-4668-BE54-9A1E7A4F7556}") = "Ailos.ApiMobile", "src\Ailos.ApiMobile\Ailos.ApiMobile.csproj", "{65EF1031-8A1F-4543-B620-CD5EE970B42C}"
EndProject
Project("{9A19103F-16F7-4668-BE54-9A1E7A4F7556}") = "Ailos.Pix.Chave", "src\Ailos.Pix.Chave\Ailos.Pix.Chave.csproj", "{969F5832-00A0-49FF-9038-BAB7EA51F213}"
EndProject
Project("{9A19103F-16F7-4668-BE54-9A1E7A4F7556}") = "WebApplication1", "src\WebApplication1\WebApplication1.csproj", "{244E3527-E236-4A3A-9EAB-5E0AF523DB3C}"
EndProject
Project("{FAE04EC0-301F-11D3-BF4B-00C04F79EFBC}") = "Ailos.Pix.Cadastro", "src\Ailos.Pix.Cadastro\Ailos.Pix.Cadastro.csproj", "{C3F41713-D7D9-48D7-9AF6-B8F4EE9A2673}"
EndProject
Global
	GlobalSection(SolutionConfigurationPlatforms) = preSolution
		Debug|Any CPU = Debug|Any CPU
		Release|Any CPU = Release|Any CPU
	EndGlobalSection
	GlobalSection(ProjectConfigurationPlatforms) = postSolution
		{6407A86E-E970-4BA7-A89F-C3C18FB57E1A}.Debug|Any CPU.ActiveCfg = Debug|Any CPU
		{6407A86E-E970-4BA7-A89F-C3C18FB57E1A}.Debug|Any CPU.Build.0 = Debug|Any CPU
		{6407A86E-E970-4BA7-A89F-C3C18FB57E1A}.Release|Any CPU.ActiveCfg = Release|Any CPU
		{6407A86E-E970-4BA7-A89F-C3C18FB57E1A}.Release|Any CPU.Build.0 = Release|Any CPU
		{697E9490-FE60-4346-8CB9-F2F0161EF503}.Debug|Any CPU.ActiveCfg = Debug|Any CPU
		{697E9490-FE60-4346-8CB9-F2F0161EF503}.Debug|Any CPU.Build.0 = Debug|Any CPU
		{697E9490-FE60-4346-8CB9-F2F0161EF503}.Release|Any CPU.ActiveCfg = Release|Any CPU
		{697E9490-FE60-4346-8CB9-F2F0161EF503}.Release|Any CPU.Build.0 = Release|Any CPU
		{47197F34-6F09-4C4F-AE23-0C03F2513D2C}.Debug|Any CPU.ActiveCfg = Debug|Any CPU
		{47197F34-6F09-4C4F-AE23-0C03F2513D2C}.Debug|Any CPU.Build.0 = Debug|Any CPU
		{47197F34-6F09-4C4F-AE23-0C03F2513D2C}.Release|Any CPU.ActiveCfg = Release|Any CPU
		{47197F34-6F09-4C4F-AE23-0C03F2513D2C}.Release|Any CPU.Build.0 = Release|Any CPU
		{38731E07-9799-4FDC-A225-37595382A06D}.Debug|Any CPU.ActiveCfg = Debug|Any CPU
		{38731E07-9799-4FDC-A225-37595382A06D}.Debug|Any CPU.Build.0 = Debug|Any CPU
		{38731E07-9799-4FDC-A225-37595382A06D}.Release|Any CPU.ActiveCfg = Release|Any CPU
		{38731E07-9799-4FDC-A225-37595382A06D}.Release|Any CPU.Build.0 = Release|Any CPU
		{F9889359-3BF2-437B-AE5B-1969388B21AB}.Debug|Any CPU.ActiveCfg = Debug|Any CPU
		{F9889359-3BF2-437B-AE5B-1969388B21AB}.Debug|Any CPU.Build.0 = Debug|Any CPU
		{F9889359-3BF2-437B-AE5B-1969388B21AB}.Release|Any CPU.ActiveCfg = Release|Any CPU
		{F9889359-3BF2-437B-AE5B-1969388B21AB}.Release|Any CPU.Build.0 = Release|Any CPU
		{5F73C26E-6E81-4808-86BB-96818E17A1D2}.Debug|Any CPU.ActiveCfg = Debug|Any CPU
		{5F73C26E-6E81-4808-86BB-96818E17A1D2}.Debug|Any CPU.Build.0 = Debug|Any CPU
		{5F73C26E-6E81-4808-86BB-96818E17A1D2}.Release|Any CPU.ActiveCfg = Release|Any CPU
		{5F73C26E-6E81-4808-86BB-96818E17A1D2}.Release|Any CPU.Build.0 = Release|Any CPU
		{9EAC2317-4510-4C2F-830A-52A497D0771D}.Debug|Any CPU.ActiveCfg = Debug|Any CPU
		{9EAC2317-4510-4C2F-830A-52A497D0771D}.Debug|Any CPU.Build.0 = Debug|Any CPU
		{9EAC2317-4510-4C2F-830A-52A497D0771D}.Release|Any CPU.ActiveCfg = Release|Any CPU
		{9EAC2317-4510-4C2F-830A-52A497D0771D}.Release|Any CPU.Build.0 = Release|Any CPU
		{4849A00B-50F4-4074-91C0-17036A6DE6BD}.Debug|Any CPU.ActiveCfg = Debug|Any CPU
		{4849A00B-50F4-4074-91C0-17036A6DE6BD}.Debug|Any CPU.Build.0 = Debug|Any CPU
		{4849A00B-50F4-4074-91C0-17036A6DE6BD}.Release|Any CPU.ActiveCfg = Release|Any CPU
		{4849A00B-50F4-4074-91C0-17036A6DE6BD}.Release|Any CPU.Build.0 = Release|Any CPU
		{65EF1031-8A1F-4543-B620-CD5EE970B42C}.Debug|Any CPU.ActiveCfg = Debug|Any CPU
		{65EF1031-8A1F-4543-B620-CD5EE970B42C}.Debug|Any CPU.Build.0 = Debug|Any CPU
		{65EF1031-8A1F-4543-B620-CD5EE970B42C}.Release|Any CPU.ActiveCfg = Release|Any CPU
		{65EF1031-8A1F-4543-B620-CD5EE970B42C}.Release|Any CPU.Build.0 = Release|Any CPU
		{969F5832-00A0-49FF-9038-BAB7EA51F213}.Debug|Any CPU.ActiveCfg = Debug|Any CPU
		{969F5832-00A0-49FF-9038-BAB7EA51F213}.Debug|Any CPU.Build.0 = Debug|Any CPU
		{969F5832-00A0-49FF-9038-BAB7EA51F213}.Release|Any CPU.ActiveCfg = Release|Any CPU
		{969F5832-00A0-49FF-9038-BAB7EA51F213}.Release|Any CPU.Build.0 = Release|Any CPU
		{244E3527-E236-4A3A-9EAB-5E0AF523DB3C}.Debug|Any CPU.ActiveCfg = Debug|Any CPU
		{244E3527-E236-4A3A-9EAB-5E0AF523DB3C}.Debug|Any CPU.Build.0 = Debug|Any CPU
		{244E3527-E236-4A3A-9EAB-5E0AF523DB3C}.Release|Any CPU.ActiveCfg = Release|Any CPU
		{244E3527-E236-4A3A-9EAB-5E0AF523DB3C}.Release|Any CPU.Build.0 = Release|Any CPU
		{C3F41713-D7D9-48D7-9AF6-B8F4EE9A2673}.Debug|Any CPU.ActiveCfg = Debug|Any CPU
		{C3F41713-D7D9-48D7-9AF6-B8F4EE9A2673}.Debug|Any CPU.Build.0 = Debug|Any CPU
		{C3F41713-D7D9-48D7-9AF6-B8F4EE9A2673}.Release|Any CPU.ActiveCfg = Release|Any CPU
		{C3F41713-D7D9-48D7-9AF6-B8F4EE9A2673}.Release|Any CPU.Build.0 = Release|Any CPU
	EndGlobalSection
	GlobalSection(SolutionProperties) = preSolution
		HideSolutionNode = FALSE
	EndGlobalSection
	GlobalSection(NestedProjects) = preSolution
		{6407A86E-E970-4BA7-A89F-C3C18FB57E1A} = {EAEEB414-59C9-41F7-B99C-18A94D7FC465}
		{656A71B1-B78D-4A0C-A24C-86D73455D3CF} = {799A0A84-C71B-4EF9-BE0A-9CC6E727C6A2}
		{697E9490-FE60-4346-8CB9-F2F0161EF503} = {656A71B1-B78D-4A0C-A24C-86D73455D3CF}
		{DE605629-2D6D-4232-B309-6B29BEB48C6E} = {656A71B1-B78D-4A0C-A24C-86D73455D3CF}
		{C484769C-A11D-4AAD-9A5F-0B33532C8B35} = {BF791307-768B-41C0-A260-50CED415638A}
		{47197F34-6F09-4C4F-AE23-0C03F2513D2C} = {C484769C-A11D-4AAD-9A5F-0B33532C8B35}
		{BF791307-768B-41C0-A260-50CED415638A} = {799A0A84-C71B-4EF9-BE0A-9CC6E727C6A2}
		{7E0FE253-6096-43C4-9A8A-613917ADAA75} = {BF791307-768B-41C0-A260-50CED415638A}
		{696AA466-7D21-439B-95FA-2E27193B677A} = {DE605629-2D6D-4232-B309-6B29BEB48C6E}
		{2EA00ADD-FBD0-4552-97FC-E133A776773F} = {DE605629-2D6D-4232-B309-6B29BEB48C6E}
		{38731E07-9799-4FDC-A225-37595382A06D} = {2EA00ADD-FBD0-4552-97FC-E133A776773F}
		{F9889359-3BF2-437B-AE5B-1969388B21AB} = {696AA466-7D21-439B-95FA-2E27193B677A}
		{5F73C26E-6E81-4808-86BB-96818E17A1D2} = {656A71B1-B78D-4A0C-A24C-86D73455D3CF}
		{9EAC2317-4510-4C2F-830A-52A497D0771D} = {656A71B1-B78D-4A0C-A24C-86D73455D3CF}
		{A323252B-8C8A-43BA-94A0-A63E3F34A88A} = {799A0A84-C71B-4EF9-BE0A-9CC6E727C6A2}
		{C8FE2B30-7ABC-485B-970C-B973C3DD9E5D} = {799A0A84-C71B-4EF9-BE0A-9CC6E727C6A2}
		{4849A00B-50F4-4074-91C0-17036A6DE6BD} = {799A0A84-C71B-4EF9-BE0A-9CC6E727C6A2}
		{65EF1031-8A1F-4543-B620-CD5EE970B42C} = {EAEEB414-59C9-41F7-B99C-18A94D7FC465}
		{969F5832-00A0-49FF-9038-BAB7EA51F213} = {656A71B1-B78D-4A0C-A24C-86D73455D3CF}
		{244E3527-E236-4A3A-9EAB-5E0AF523DB3C} = {EAEEB414-59C9-41F7-B99C-18A94D7FC465}
		{C3F41713-D7D9-48D7-9AF6-B8F4EE9A2673} = {656A71B1-B78D-4A0C-A24C-86D73455D3CF}
	EndGlobalSection
	GlobalSection(ExtensibilityGlobals) = postSolution
		SolutionGuid = {80C0DE8A-58BA-4BF6-AA3C-6C7877D3E75D}
	EndGlobalSection
EndGlobal
